<?xml version="1.0" encoding="utf-8"?>
<Project ToolsVersion="4.0" xmlns="http://schemas.microsoft.com/developer/msbuild/2003">
  <ItemGroup>
    <Filter Include="Source Files">
      <UniqueIdentifier>{4FC737F1-C7A5-4376-A066-2A32D752A2FF}</UniqueIdentifier>
      <Extensions>cpp;c;cc;cxx;c++;cppm;ixx;def;odl;idl;hpj;bat;asm;asmx</Extensions>
    </Filter>
    <Filter Include="Header Files">
      <UniqueIdentifier>{93995380-89BD-4b04-88EB-625FBE52EBFB}</UniqueIdentifier>
      <Extensions>h;hh;hpp;hxx;h++;hm;inl;inc;ipp;xsd</Extensions>
    </Filter>
    <Filter Include="Resource Files">
      <UniqueIdentifier>{67DA6AB6-F800-4c08-8B7A-83BB121AAD01}</UniqueIdentifier>
      <Extensions>rc;ico;cur;bmp;dlg;rc2;rct;bin;rgs;gif;jpg;jpeg;jpe;resx;tiff;tif;png;wav;mfcribbon-ms</Extensions>
    </Filter>
  </ItemGroup>
  <ItemGroup>
    <ClCompile Include="Game\main.cpp">
      <Filter>Source Files</Filter>
    </ClCompile>
    <ClCompile Include="JAZZY\Source\JAZZY\Core\Base.cpp">
      <Filter>Source Files</Filter>
    </ClCompile>
    <ClCompile Include="JAZZY\Source\JAZZY\Window\Win32\Win32Window.cpp">
      <Filter>Source Files</Filter>
    </ClCompile>
    <ClCompile Include="JAZZY\Source\JAZZY\Game\Game.cpp">
      <Filter>Source Files</Filter>
    </ClCompile>
    <ClCompile Include="JAZZY\Source\JAZZY\Game\Win32\Win32Game.cpp">
      <Filter>Source Files</Filter>
    </ClCompile>
    <ClCompile Include="JAZZY\Source\JAZZY\Graphics\GraphicsEngine.cpp">
      <Filter>Source Files</Filter>
    </ClCompile>
    <ClCompile Include="JAZZY\Source\JAZZY\Graphics\GraphicsDevice.cpp">
      <Filter>Source Files</Filter>
    </ClCompile>
    <ClCompile Include="JAZZY\Source\JAZZY\Core\Logger.cpp">
      <Filter>Source Files</Filter>
    </ClCompile>
    <ClCompile Include="JAZZY\Source\JAZZY\Graphics\SwapChain.cpp">
      <Filter>Source Files</Filter>
    </ClCompile>
    <ClCompile Include="JAZZY\Source\JAZZY\Game\Display.cpp">
      <Filter>Source Files</Filter>
    </ClCompile>
    <ClCompile Include="JAZZY\Source\JAZZY\Graphics\DeviceContext.cpp">
      <Filter>Source Files</Filter>
    </ClCompile>
    <ClCompile Include="JAZZY\Source\JAZZY\Graphics\ShaderBinary.cpp">
      <Filter>Source Files</Filter>
    </ClCompile>
    <ClCompile Include="JAZZY\Source\JAZZY\Graphics\GraphicsPipelineState.cpp">
      <Filter>Source Files</Filter>
    </ClCompile>
    <ClCompile Include="JAZZY\Source\JAZZY\Graphics\VertexBuffer.cpp">
      <Filter>Source Files</Filter>
    </ClCompile>
    <ClCompile Include="JAZZY\Source\JAZZY\Graphics\VertexShaderSignature.cpp">
      <Filter>Source Files</Filter>
    </ClCompile>
    <ClCompile Include="JAZZY\Source\JAZZY\Graphics\ConstantBuffer.cpp">
      <Filter>Source Files</Filter>
    </ClCompile>
    <ClCompile Include="JAZZY\Include\JAZZY\Math\Quad.cpp">
      <Filter>Source Files</Filter>
    </ClCompile>
  </ItemGroup>
  <ItemGroup>
    <ClInclude Include="JAZZY\Include\JAZZY\Core\Base.h">
      <Filter>Header Files</Filter>
    </ClInclude>
    <ClInclude Include="JAZZY\Include\JAZZY\Window\Window.h">
      <Filter>Header Files</Filter>
    </ClInclude>
    <ClInclude Include="JAZZY\Include\JAZZY\Game\Game.h">
      <Filter>Header Files</Filter>
    </ClInclude>
    <ClInclude Include="JAZZY\Include\JAZZY\Core\Core.h">
      <Filter>Header Files</Filter>
    </ClInclude>
    <ClInclude Include="JAZZY\Include\All.h">
      <Filter>Header Files</Filter>
    </ClInclude>
    <ClInclude Include="JAZZY\Source\JAZZY\Graphics\GraphicsEngine.h">
      <Filter>Header Files</Filter>
    </ClInclude>
    <ClInclude Include="JAZZY\Source\JAZZY\Graphics\GraphicsDevice.h">
      <Filter>Header Files</Filter>
    </ClInclude>
    <ClInclude Include="JAZZY\Include\JAZZY\Core\Logger.h">
      <Filter>Header Files</Filter>
    </ClInclude>
    <ClInclude Include="JAZZY\Include\JAZZY\Core\Common.h">
      <Filter>Header Files</Filter>
    </ClInclude>
    <ClInclude Include="JAZZY\Source\JAZZY\Graphics\GraphicsLogUtils.h">
      <Filter>Header Files</Filter>
    </ClInclude>
    <ClInclude Include="JAZZY\Source\JAZZY\Graphics\SwapChain.h">
      <Filter>Header Files</Filter>
    </ClInclude>
    <ClInclude Include="JAZZY\Source\JAZZY\Graphics\GraphicsResource.h">
      <Filter>Header Files</Filter>
    </ClInclude>
    <ClInclude Include="JAZZY\Include\JAZZY\Math\Rect.h">
      <Filter>Header Files</Filter>
    </ClInclude>
    <ClInclude Include="JAZZY\Include\JAZZY\Game\Display.h">
      <Filter>Header Files</Filter>
    </ClInclude>
    <ClInclude Include="JAZZY\Source\JAZZY\Graphics\DeviceContext.h">
      <Filter>Header Files</Filter>
    </ClInclude>
    <ClInclude Include="JAZZY\Include\JAZZY\Math\Vec4.h">
      <Filter>Header Files</Filter>
    </ClInclude>
    <ClInclude Include="JAZZY\Source\JAZZY\Graphics\ShaderBinary.h">
      <Filter>Header Files</Filter>
    </ClInclude>
    <ClInclude Include="JAZZY\Source\JAZZY\Graphics\GraphicsUtils.h">
      <Filter>Header Files</Filter>
    </ClInclude>
    <ClInclude Include="JAZZY\Source\JAZZY\Graphics\GraphicsPipelineState.h">
      <Filter>Header Files</Filter>
    </ClInclude>
    <ClInclude Include="JAZZY\Source\JAZZY\Graphics\VertexBuffer.h">
      <Filter>Header Files</Filter>
    </ClInclude>
    <ClInclude Include="JAZZY\Include\JAZZY\Math\Vec3.h">
      <Filter>Header Files</Filter>
    </ClInclude>
    <ClInclude Include="JAZZY\Source\JAZZY\Graphics\VertexShaderSignature.h">
      <Filter>Header Files</Filter>
    </ClInclude>
    <ClInclude Include="JAZZY\Include\JAZZY\Math\Quad.h">
      <Filter>Header Files</Filter>
    </ClInclude>
    <ClInclude Include="JAZZY\Include\JAZZY\Math\Triangle.h">
      <Filter>Header Files</Filter>
    </ClInclude>
    <ClInclude Include="JAZZY\Source\JAZZY\Graphics\ConstantBuffer.h">
      <Filter>Header Files</Filter>
    </ClInclude>
    <ClInclude Include="JAZZY\Include\JAZZY\Math\Vertex.h">
      <Filter>Header Files</Filter>
    </ClInclude>
    <ClInclude Include="JAZZY\Include\JAZZY\Math\Mat4x4.h">
      <Filter>Header Files</Filter>
    </ClInclude>
  </ItemGroup>
  <ItemGroup>
    <FxCompile Include="JAZZY\Assets\Shaders\BasicPixelShader.hlsl" />
    <FxCompile Include="JAZZY\Assets\Shaders\BasicVertexShader.hlsl" />
  </ItemGroup>
</Project>